PODS:
  - FMDB (2.6.2):
    - FMDB/standard (= 2.6.2)
  - FMDB/standard (2.6.2)
  - INTULocationManager (4.2.0)
  - Masonry (1.0.2)
  - PNChart (0.8.9):
    - UICountingLabel (~> 1.2.0)
  - SDWebImage (3.8.2):
    - SDWebImage/Core (= 3.8.2)
  - SDWebImage/Core (3.8.2)
  - UICountingLabel (1.2.0)

DEPENDENCIES:
  - FMDB (~> 2.6.2)
  - INTULocationManager
  - Masonry
  - PNChart
  - SDWebImage

SPEC CHECKSUMS:
  FMDB: 854a0341b4726e53276f2a8996f06f1b80f9259a
  INTULocationManager: 73f8254b3d05c897c56bb13c190e5b7c648c0998
  Masonry: 7c429b56da9d4ee0bbb3ed77a5ea710d6a5df39e
  PNChart: 84774d225c2126ded6c93d4dbe6ae98c3a73c2d2
  SDWebImage: 098e97e6176540799c27e804c96653ee0833d13c
  UICountingLabel: 1db4e7d023e1762171eb226d6dff47a7a84f27aa

PODFILE CHECKSUM: 738bdb7fe830dd00bd28db7e384a3c2006114a2f

COCOAPODS: 1.0.1
