PODS:
  - AMap2DMap (4.3.0):
    - AMapFoundation (~> 1.2)
  - AMapFoundation (1.2.0)
  - AMapSearch (4.2.0):
    - AMapFoundation (~> 1.0)
  - FMDB (2.6.2):
    - FMDB/standard (= 2.6.2)
  - FMDB/standard (2.6.2)
  - FTPopOverMenu (1.2.1)
  - INTULocationManager (4.2.0)
  - Masonry (1.0.2)
  - PNChart (0.8.9):
    - UICountingLabel (~> 1.2.0)
  - SDWebImage (3.8.2):
    - SDWebImage/Core (= 3.8.2)
  - SDWebImage/Core (3.8.2)
  - UICountingLabel (1.2.0)

DEPENDENCIES:
  - AMap2DMap
  - AMapSearch
  - FMDB (~> 2.6.2)
  - FTPopOverMenu
  - INTULocationManager
  - Masonry
  - PNChart
  - SDWebImage

SPEC CHECKSUMS:
  AMap2DMap: f3f0fc5cdbf0242ff22da0c8605f24f8d7187b35
  AMapFoundation: 8acc2bf4eed79aab4d21002ddb8b24a6f3f3621c
  AMapSearch: 788020fca7ed18819e8bc2bfca716a6775a05ada
  FMDB: 854a0341b4726e53276f2a8996f06f1b80f9259a
  FTPopOverMenu: 645bf589f3adb6598efa05cab67cced988d5352f
  INTULocationManager: 73f8254b3d05c897c56bb13c190e5b7c648c0998
  Masonry: 7c429b56da9d4ee0bbb3ed77a5ea710d6a5df39e
  PNChart: 84774d225c2126ded6c93d4dbe6ae98c3a73c2d2
  SDWebImage: 098e97e6176540799c27e804c96653ee0833d13c
  UICountingLabel: 1db4e7d023e1762171eb226d6dff47a7a84f27aa

PODFILE CHECKSUM: 6723b09608852621bf26b445eba5385b8ad35990

COCOAPODS: 1.0.1
